<?xml version="1.0" encoding="utf-8"?>
<Project ToolsVersion="4.0" xmlns="http://schemas.microsoft.com/developer/msbuild/2003">
  <ItemGroup>
    <Filter Include="Header Files">
      <UniqueIdentifier>{93995380-89BD-4b04-88EB-625FBE52EBFB}</UniqueIdentifier>
      <Extensions>h;hh;hpp;hxx;h++;hm;inl;inc;ipp;xsd</Extensions>
    </Filter>
    <Filter Include="OriginalSources">
      <UniqueIdentifier>{6bc69b6a-492d-4c0f-babc-f29bc1dcc8c2}</UniqueIdentifier>
    </Filter>
  </ItemGroup>
  <ItemGroup>
    <ClCompile Include="ConverstionTests.cpp">
      <Filter>OriginalSources</Filter>
    </ClCompile>
    <ClCompile Include="MutexContainer.cpp">
      <Filter>OriginalSources</Filter>
    </ClCompile>
    <ClCompile Include="pch.cpp">
      <Filter>OriginalSources</Filter>
    </ClCompile>
    <ClCompile Include="ToolTests.cpp">
      <Filter>OriginalSources</Filter>
    </ClCompile>
    <ClCompile Include="..\common.cpp">
      <Filter>OriginalSources</Filter>
    </ClCompile>
    <ClCompile Include="..\iosys.cpp">
      <Filter>OriginalSources</Filter>
    </ClCompile>
    <ClCompile Include="..\killprocess.cpp">
      <Filter>OriginalSources</Filter>
    </ClCompile>
    <ClCompile Include="..\main.cpp">
      <Filter>OriginalSources</Filter>
    </ClCompile>
    <ClCompile Include="..\mylib_string.cpp">
      <Filter>OriginalSources</Filter>
    </ClCompile>
    <ClCompile Include="..\Numbers.cpp">
      <Filter>OriginalSources</Filter>
    </ClCompile>
    <ClCompile Include="..\osver.cpp">
      <Filter>OriginalSources</Filter>
    </ClCompile>
    <ClCompile Include="..\Recyclinbin.cpp">
      <Filter>OriginalSources</Filter>
    </ClCompile>
    <ClCompile Include="..\stdpipe.cpp">
      <Filter>OriginalSources</Filter>
    </ClCompile>
    <ClCompile Include="..\string_data.cpp">
      <Filter>OriginalSources</Filter>
    </ClCompile>
    <ClCompile Include="..\string_tools.cpp">
      <Filter>OriginalSources</Filter>
    </ClCompile>
    <ClCompile Include="..\SystemEntry.cpp">
      <Filter>OriginalSources</Filter>
    </ClCompile>
    <ClCompile Include="..\tool_dispatch.cpp">
      <Filter>OriginalSources</Filter>
    </ClCompile>
    <ClCompile Include="..\tool_functions.cpp">
      <Filter>OriginalSources</Filter>
    </ClCompile>
    <ClCompile Include="..\uptime.cpp">
      <Filter>OriginalSources</Filter>
    </ClCompile>
    <ClCompile Include="..\whoami.cpp">
      <Filter>OriginalSources</Filter>
    </ClCompile>
    <ClCompile Include="..\Whoami_common.cpp">
      <Filter>OriginalSources</Filter>
    </ClCompile>
    <ClCompile Include="..\whoami_Elvation.cpp">
      <Filter>OriginalSources</Filter>
    </ClCompile>
    <ClCompile Include="..\whoami_helper.cpp">
      <Filter>OriginalSources</Filter>
    </ClCompile>
    <ClCompile Include="..\whoami_TokenPrivileges.cpp">
      <Filter>OriginalSources</Filter>
    </ClCompile>
    <ClCompile Include="..\whoami_TokenUser.cpp">
      <Filter>OriginalSources</Filter>
    </ClCompile>
    <ClCompile Include="..\whoani_TokenUserGroup.cpp">
      <Filter>OriginalSources</Filter>
    </ClCompile>
    <ClCompile Include="..\WinApiStubbs.cpp">
      <Filter>OriginalSources</Filter>
    </ClCompile>
    <ClCompile Include="DetoursHelp\src\creatwth.cpp">
      <Filter>OriginalSources</Filter>
    </ClCompile>
    <ClCompile Include="DetoursHelp\src\detours.cpp">
      <Filter>OriginalSources</Filter>
    </ClCompile>
    <ClCompile Include="DetoursHelp\src\disasm.cpp">
      <Filter>OriginalSources</Filter>
    </ClCompile>
    <ClCompile Include="DetoursHelp\src\disolarm.cpp">
      <Filter>OriginalSources</Filter>
    </ClCompile>
    <ClCompile Include="DetoursHelp\src\disolarm64.cpp">
      <Filter>OriginalSources</Filter>
    </ClCompile>
    <ClCompile Include="DetoursHelp\src\disolia64.cpp">
      <Filter>OriginalSources</Filter>
    </ClCompile>
    <ClCompile Include="DetoursHelp\src\disolx64.cpp">
      <Filter>OriginalSources</Filter>
    </ClCompile>
    <ClCompile Include="DetoursHelp\src\disolx86.cpp">
      <Filter>OriginalSources</Filter>
    </ClCompile>
    <ClCompile Include="DetoursHelp\src\image.cpp">
      <Filter>OriginalSources</Filter>
    </ClCompile>
    <ClCompile Include="DetoursHelp\src\modules.cpp">
      <Filter>OriginalSources</Filter>
    </ClCompile>
  </ItemGroup>
</Project>