<?xml version="1.0" encoding="utf-8"?>
<Project ToolsVersion="4.0" xmlns="http://schemas.microsoft.com/developer/msbuild/2003">
  <ItemGroup>
    <Filter Include="Source Files">
      <UniqueIdentifier>{4FC737F1-C7A5-4376-A066-2A32D752A2FF}</UniqueIdentifier>
      <Extensions>cpp;c;cc;cxx;c++;cppm;ixx;def;odl;idl;hpj;bat;asm;asmx</Extensions>
    </Filter>
    <Filter Include="Header Files">
      <UniqueIdentifier>{93995380-89BD-4b04-88EB-625FBE52EBFB}</UniqueIdentifier>
      <Extensions>h;hh;hpp;hxx;h++;hm;inl;inc;ipp;xsd</Extensions>
    </Filter>
    <Filter Include="Resource Files">
      <UniqueIdentifier>{67DA6AB6-F800-4c08-8B7A-83BB121AAD01}</UniqueIdentifier>
      <Extensions>rc;ico;cur;bmp;dlg;rc2;rct;bin;rgs;gif;jpg;jpeg;jpe;resx;tiff;tif;png;wav;mfcribbon-ms</Extensions>
    </Filter>
    <Filter Include="OriginalSources">
      <UniqueIdentifier>{6bc69b6a-492d-4c0f-babc-f29bc1dcc8c2}</UniqueIdentifier>
    </Filter>
  </ItemGroup>
  <ItemGroup>
    <ClCompile Include="ConverstionTests.cpp">
      <Filter>Source Files</Filter>
    </ClCompile>
    <ClCompile Include="..\iosys.cpp">
      <Filter>OriginalSources</Filter>
    </ClCompile>
    <ClCompile Include="..\killprocess.cpp">
      <Filter>OriginalSources</Filter>
    </ClCompile>
    <ClCompile Include="..\main.cpp">
      <Filter>OriginalSources</Filter>
    </ClCompile>
    <ClCompile Include="..\mylib_string.cpp">
      <Filter>OriginalSources</Filter>
    </ClCompile>
    <ClCompile Include="..\Numbers.cpp">
      <Filter>OriginalSources</Filter>
    </ClCompile>
    <ClCompile Include="..\osver.cpp">
      <Filter>OriginalSources</Filter>
    </ClCompile>
    <ClCompile Include="..\Recyclinbin.cpp">
      <Filter>OriginalSources</Filter>
    </ClCompile>
    <ClCompile Include="..\stdpipe.cpp">
      <Filter>OriginalSources</Filter>
    </ClCompile>
    <ClCompile Include="..\string_data.cpp">
      <Filter>OriginalSources</Filter>
    </ClCompile>
    <ClCompile Include="..\string_tools.cpp">
      <Filter>OriginalSources</Filter>
    </ClCompile>
    <ClCompile Include="..\SystemEntry.cpp">
      <Filter>OriginalSources</Filter>
    </ClCompile>
    <ClCompile Include="..\tool_dispatch.cpp">
      <Filter>OriginalSources</Filter>
    </ClCompile>
    <ClCompile Include="..\tool_functions.cpp">
      <Filter>OriginalSources</Filter>
    </ClCompile>
    <ClCompile Include="..\uptime.cpp">
      <Filter>OriginalSources</Filter>
    </ClCompile>
    <ClCompile Include="..\WinApiStubbs.cpp">
      <Filter>OriginalSources</Filter>
    </ClCompile>
  </ItemGroup>
  <ItemGroup>
    <ClInclude Include="pch.h">
      <Filter>Header Files</Filter>
    </ClInclude>
    <ClInclude Include="..\iosys.h">
      <Filter>OriginalSources</Filter>
    </ClInclude>
    <ClInclude Include="..\numbers.h">
      <Filter>OriginalSources</Filter>
    </ClInclude>
    <ClInclude Include="..\osver.h">
      <Filter>OriginalSources</Filter>
    </ClInclude>
    <ClInclude Include="..\stdpipe.h">
      <Filter>OriginalSources</Filter>
    </ClInclude>
    <ClInclude Include="..\string_data.h">
      <Filter>OriginalSources</Filter>
    </ClInclude>
    <ClInclude Include="..\tool_dispatch.h">
      <Filter>OriginalSources</Filter>
    </ClInclude>
    <ClInclude Include="..\tool_functions.h">
      <Filter>OriginalSources</Filter>
    </ClInclude>
  </ItemGroup>
</Project>